{
  "name": "testing2",
  "lockfileVersion": 3,
  "requires": true,
  "packages": {
    "": {
      "dependencies": {
        "react": "^0.0.1"
      }
    },
    "node_modules/react": {
      "version": "0.0.1",
      "resolved": "https://registry.npmjs.org/react/-/react-0.0.1.tgz",
      "integrity": "sha512-rFzmt9tKNA5BxD0teT90iTceOQsDrcdtnUTyn0EMReoKiUzbEcobYxpc1WW+trpHja5HtU2HQCoDYX6gBf+9xw==",
      "engines": {
        "node": "~v0.4.12"
      }
    }
  }
}
